
Microsoft Visual Studio Solution File, Format Version 12.00
# Visual Studio 15
VisualStudioVersion = 15.0.28307.779
MinimumVisualStudioVersion = 10.0.40219.1
Project("{FAE04EC0-301F-11D3-BF4B-00C04F79EFBC}") = "gdsc_workshop0", "gdsc_workshop0\gdsc_workshop0.csproj", "{88360AD6-B159-4136-896F-8819D6C100D9}"
EndProject
Global
	GlobalSection(SolutionConfigurationPlatforms) = preSolution
		Debug|Any CPU = Debug|Any CPU
		Release|Any CPU = Release|Any CPU
	EndGlobalSection
	GlobalSection(ProjectConfigurationPlatforms) = postSolution
		{88360AD6-B159-4136-896F-8819D6C100D9}.Debug|Any CPU.ActiveCfg = Debug|Any CPU
		{88360AD6-B159-4136-896F-8819D6C100D9}.Debug|Any CPU.Build.0 = Debug|Any CPU
		{88360AD6-B159-4136-896F-8819D6C100D9}.Release|Any CPU.ActiveCfg = Release|Any CPU
		{88360AD6-B159-4136-896F-8819D6C100D9}.Release|Any CPU.Build.0 = Release|Any CPU
	EndGlobalSection
	GlobalSection(SolutionProperties) = preSolution
		HideSolutionNode = FALSE
	EndGlobalSection
	GlobalSection(ExtensibilityGlobals) = postSolution
		SolutionGuid = {E1778B33-D76A-4EBA-814B-8512DFADBF34}
	EndGlobalSection
EndGlobal
